
Microsoft Visual Studio Solution File, Format Version 12.00
# Visual Studio Version 16
VisualStudioVersion = 16.0.31729.503
MinimumVisualStudioVersion = 10.0.40219.1
Project("{FAE04EC0-301F-11D3-BF4B-00C04F79EFBC}") = "VisionHealthCare", "VisionHealthCare\VisionHealthCare.csproj", "{C930BB63-DCAA-4521-BE3A-8DA865773AD9}"
EndProject
Project("{FAE04EC0-301F-11D3-BF4B-00C04F79EFBC}") = "DB", "DB\DB.csproj", "{9F5C0DD5-E6D4-4BEA-94BE-5D1822A742F2}"
EndProject
Project("{FAE04EC0-301F-11D3-BF4B-00C04F79EFBC}") = "BL", "BL\BL.csproj", "{3322E0B1-9200-42D4-A792-2CD3BC8E6BE5}"
EndProject
Global
	GlobalSection(SolutionConfigurationPlatforms) = preSolution
		Debug|Any CPU = Debug|Any CPU
		Release|Any CPU = Release|Any CPU
	EndGlobalSection
	GlobalSection(ProjectConfigurationPlatforms) = postSolution
		{C930BB63-DCAA-4521-BE3A-8DA865773AD9}.Debug|Any CPU.ActiveCfg = Debug|Any CPU
		{C930BB63-DCAA-4521-BE3A-8DA865773AD9}.Debug|Any CPU.Build.0 = Debug|Any CPU
		{C930BB63-DCAA-4521-BE3A-8DA865773AD9}.Release|Any CPU.ActiveCfg = Release|Any CPU
		{C930BB63-DCAA-4521-BE3A-8DA865773AD9}.Release|Any CPU.Build.0 = Release|Any CPU
		{9F5C0DD5-E6D4-4BEA-94BE-5D1822A742F2}.Debug|Any CPU.ActiveCfg = Debug|Any CPU
		{9F5C0DD5-E6D4-4BEA-94BE-5D1822A742F2}.Debug|Any CPU.Build.0 = Debug|Any CPU
		{9F5C0DD5-E6D4-4BEA-94BE-5D1822A742F2}.Release|Any CPU.ActiveCfg = Release|Any CPU
		{9F5C0DD5-E6D4-4BEA-94BE-5D1822A742F2}.Release|Any CPU.Build.0 = Release|Any CPU
		{3322E0B1-9200-42D4-A792-2CD3BC8E6BE5}.Debug|Any CPU.ActiveCfg = Debug|Any CPU
		{3322E0B1-9200-42D4-A792-2CD3BC8E6BE5}.Debug|Any CPU.Build.0 = Debug|Any CPU
		{3322E0B1-9200-42D4-A792-2CD3BC8E6BE5}.Release|Any CPU.ActiveCfg = Release|Any CPU
		{3322E0B1-9200-42D4-A792-2CD3BC8E6BE5}.Release|Any CPU.Build.0 = Release|Any CPU
	EndGlobalSection
	GlobalSection(SolutionProperties) = preSolution
		HideSolutionNode = FALSE
	EndGlobalSection
	GlobalSection(ExtensibilityGlobals) = postSolution
		SolutionGuid = {9BF948C2-322F-46FB-BAB8-68CBE3B5736B}
	EndGlobalSection
EndGlobal
